
Microsoft Visual Studio Solution File, Format Version 12.00
# Visual Studio 2013
VisualStudioVersion = 12.0.21005.1
MinimumVisualStudioVersion = 10.0.40219.1
Project("{2150E333-8FDC-42A3-9474-1A3956D46DE8}") = "01.Web", "01.Web", "{86C12B7B-71D8-4897-BFF8-1ECE41ED15CB}"
EndProject
Project("{2150E333-8FDC-42A3-9474-1A3956D46DE8}") = "03.Components", "03.Components", "{AC3C49B9-BFD3-4089-83FA-957DFAC2B549}"
EndProject
Project("{2150E333-8FDC-42A3-9474-1A3956D46DE8}") = "02.DataService", "02.DataService", "{84FC506E-CCDE-4940-A301-676226235466}"
EndProject
Project("{2150E333-8FDC-42A3-9474-1A3956D46DE8}") = "Solution Items", "Solution Items", "{509D0642-340F-4709-BFF4-E778979957C4}"
EndProject
Project("{FAE04EC0-301F-11D3-BF4B-00C04F79EFBC}") = "Nifty.Service", "02.DataService\Nifty.Service\Nifty.Service.csproj", "{A48B9BDD-6479-43D5-AE71-B0D51546AF16}"
EndProject
Project("{FAE04EC0-301F-11D3-BF4B-00C04F79EFBC}") = "Nifty.Model", "02.DataService\Nifty.Model\Nifty.Model.csproj", "{6BB50173-4661-4DDC-9226-08D3743F561E}"
EndProject
Project("{FAE04EC0-301F-11D3-BF4B-00C04F79EFBC}") = "Nifty.Web", "01.Web\Nifty.Web.csproj", "{09E1B00E-25CD-41C2-9E95-E2CBA56D3953}"
EndProject
Project("{FAE04EC0-301F-11D3-BF4B-00C04F79EFBC}") = "DapperExtensions", "03.Common\DapperExtensions\DapperExtensions.csproj", "{4C1A2C6C-A469-4C87-98D1-F1D517FA1ACF}"
EndProject
Project("{FAE04EC0-301F-11D3-BF4B-00C04F79EFBC}") = "NiftyDapper", "03.Common\Nifty.Dapper\NiftyDapper.csproj", "{CD20D0C8-B67E-49BF-BE53-87FEE09EC794}"
EndProject
Project("{FAE04EC0-301F-11D3-BF4B-00C04F79EFBC}") = "Nifty.Utility", "03.Common\Nifty.Utility\Nifty.Utility.csproj", "{0735FBE5-3607-4213-B256-90337A7137D8}"
EndProject
Global
	GlobalSection(SolutionConfigurationPlatforms) = preSolution
		Debug|Any CPU = Debug|Any CPU
		Release|Any CPU = Release|Any CPU
	EndGlobalSection
	GlobalSection(ProjectConfigurationPlatforms) = postSolution
		{A48B9BDD-6479-43D5-AE71-B0D51546AF16}.Debug|Any CPU.ActiveCfg = Debug|Any CPU
		{A48B9BDD-6479-43D5-AE71-B0D51546AF16}.Debug|Any CPU.Build.0 = Debug|Any CPU
		{A48B9BDD-6479-43D5-AE71-B0D51546AF16}.Release|Any CPU.ActiveCfg = Release|Any CPU
		{A48B9BDD-6479-43D5-AE71-B0D51546AF16}.Release|Any CPU.Build.0 = Release|Any CPU
		{6BB50173-4661-4DDC-9226-08D3743F561E}.Debug|Any CPU.ActiveCfg = Debug|Any CPU
		{6BB50173-4661-4DDC-9226-08D3743F561E}.Debug|Any CPU.Build.0 = Debug|Any CPU
		{6BB50173-4661-4DDC-9226-08D3743F561E}.Release|Any CPU.ActiveCfg = Release|Any CPU
		{6BB50173-4661-4DDC-9226-08D3743F561E}.Release|Any CPU.Build.0 = Release|Any CPU
		{09E1B00E-25CD-41C2-9E95-E2CBA56D3953}.Debug|Any CPU.ActiveCfg = Debug|Any CPU
		{09E1B00E-25CD-41C2-9E95-E2CBA56D3953}.Debug|Any CPU.Build.0 = Debug|Any CPU
		{09E1B00E-25CD-41C2-9E95-E2CBA56D3953}.Release|Any CPU.ActiveCfg = Release|Any CPU
		{09E1B00E-25CD-41C2-9E95-E2CBA56D3953}.Release|Any CPU.Build.0 = Release|Any CPU
		{4C1A2C6C-A469-4C87-98D1-F1D517FA1ACF}.Debug|Any CPU.ActiveCfg = Debug|Any CPU
		{4C1A2C6C-A469-4C87-98D1-F1D517FA1ACF}.Debug|Any CPU.Build.0 = Debug|Any CPU
		{4C1A2C6C-A469-4C87-98D1-F1D517FA1ACF}.Release|Any CPU.ActiveCfg = Release|Any CPU
		{4C1A2C6C-A469-4C87-98D1-F1D517FA1ACF}.Release|Any CPU.Build.0 = Release|Any CPU
		{CD20D0C8-B67E-49BF-BE53-87FEE09EC794}.Debug|Any CPU.ActiveCfg = Debug|Any CPU
		{CD20D0C8-B67E-49BF-BE53-87FEE09EC794}.Debug|Any CPU.Build.0 = Debug|Any CPU
		{CD20D0C8-B67E-49BF-BE53-87FEE09EC794}.Release|Any CPU.ActiveCfg = Release|Any CPU
		{CD20D0C8-B67E-49BF-BE53-87FEE09EC794}.Release|Any CPU.Build.0 = Release|Any CPU
		{0735FBE5-3607-4213-B256-90337A7137D8}.Debug|Any CPU.ActiveCfg = Debug|Any CPU
		{0735FBE5-3607-4213-B256-90337A7137D8}.Debug|Any CPU.Build.0 = Debug|Any CPU
		{0735FBE5-3607-4213-B256-90337A7137D8}.Release|Any CPU.ActiveCfg = Release|Any CPU
		{0735FBE5-3607-4213-B256-90337A7137D8}.Release|Any CPU.Build.0 = Release|Any CPU
	EndGlobalSection
	GlobalSection(SolutionProperties) = preSolution
		HideSolutionNode = FALSE
	EndGlobalSection
	GlobalSection(NestedProjects) = preSolution
		{09E1B00E-25CD-41C2-9E95-E2CBA56D3953} = {86C12B7B-71D8-4897-BFF8-1ECE41ED15CB}
		{4C1A2C6C-A469-4C87-98D1-F1D517FA1ACF} = {AC3C49B9-BFD3-4089-83FA-957DFAC2B549}
		{CD20D0C8-B67E-49BF-BE53-87FEE09EC794} = {AC3C49B9-BFD3-4089-83FA-957DFAC2B549}
		{0735FBE5-3607-4213-B256-90337A7137D8} = {AC3C49B9-BFD3-4089-83FA-957DFAC2B549}
		{A48B9BDD-6479-43D5-AE71-B0D51546AF16} = {84FC506E-CCDE-4940-A301-676226235466}
		{6BB50173-4661-4DDC-9226-08D3743F561E} = {84FC506E-CCDE-4940-A301-676226235466}
	EndGlobalSection
EndGlobal
